
Microsoft Visual Studio Solution File, Format Version 12.00
# Visual Studio Version 17
VisualStudioVersion = 17.2.32505.173
MinimumVisualStudioVersion = 10.0.40219.1
Project("{FAE04EC0-301F-11D3-BF4B-00C04F79EFBC}") = "EmployeeAJAXCrud", "EmployeeAJAXCrud\EmployeeAJAXCrud.csproj", "{6C999043-3779-4095-ACE5-6E79A5B0A67B}"
EndProject
Global
	GlobalSection(SolutionConfigurationPlatforms) = preSolution
		Debug|Any CPU = Debug|Any CPU
		Release|Any CPU = Release|Any CPU
	EndGlobalSection
	GlobalSection(ProjectConfigurationPlatforms) = postSolution
		{6C999043-3779-4095-ACE5-6E79A5B0A67B}.Debug|Any CPU.ActiveCfg = Debug|Any CPU
		{6C999043-3779-4095-ACE5-6E79A5B0A67B}.Debug|Any CPU.Build.0 = Debug|Any CPU
		{6C999043-3779-4095-ACE5-6E79A5B0A67B}.Release|Any CPU.ActiveCfg = Release|Any CPU
		{6C999043-3779-4095-ACE5-6E79A5B0A67B}.Release|Any CPU.Build.0 = Release|Any CPU
	EndGlobalSection
	GlobalSection(SolutionProperties) = preSolution
		HideSolutionNode = FALSE
	EndGlobalSection
	GlobalSection(ExtensibilityGlobals) = postSolution
		SolutionGuid = {A3D324D2-9CE3-4F5A-B86B-665384F55B4F}
	EndGlobalSection
EndGlobal
